
Microsoft Visual Studio Solution File, Format Version 12.00
# Visual Studio 15
VisualStudioVersion = 15.0.28010.2016
MinimumVisualStudioVersion = 10.0.40219.1
Project("{FAE04EC0-301F-11D3-BF4B-00C04F79EFBC}") = "Dapper.Storage.Core", "Dapper.Storage.Core\Dapper.Storage.Core.csproj", "{22B2414B-E315-4F71-8F18-77002F94C2E4}"
EndProject
Project("{FAE04EC0-301F-11D3-BF4B-00C04F79EFBC}") = "Dapper.Storage", "Dapper.Storage\Dapper.Storage.csproj", "{40CA5809-24EC-461D-98B1-55FE1D6488ED}"
EndProject
Project("{FAE04EC0-301F-11D3-BF4B-00C04F79EFBC}") = "Dapper.Storage.Console", "Dapper.Storage.Console\Dapper.Storage.Console.csproj", "{26F527D1-F018-4652-B995-5BEBFD078789}"
EndProject
Project("{FAE04EC0-301F-11D3-BF4B-00C04F79EFBC}") = "Dapper.Storage.Autofac", "Dapper.Storage.Autofac\Dapper.Storage.Autofac.csproj", "{50E703A0-29D6-426C-A890-7852FA51FF54}"
EndProject
Global
	GlobalSection(SolutionConfigurationPlatforms) = preSolution
		Debug|Any CPU = Debug|Any CPU
		Release|Any CPU = Release|Any CPU
	EndGlobalSection
	GlobalSection(ProjectConfigurationPlatforms) = postSolution
		{22B2414B-E315-4F71-8F18-77002F94C2E4}.Debug|Any CPU.ActiveCfg = Debug|Any CPU
		{22B2414B-E315-4F71-8F18-77002F94C2E4}.Debug|Any CPU.Build.0 = Debug|Any CPU
		{22B2414B-E315-4F71-8F18-77002F94C2E4}.Release|Any CPU.ActiveCfg = Release|Any CPU
		{22B2414B-E315-4F71-8F18-77002F94C2E4}.Release|Any CPU.Build.0 = Release|Any CPU
		{40CA5809-24EC-461D-98B1-55FE1D6488ED}.Debug|Any CPU.ActiveCfg = Debug|Any CPU
		{40CA5809-24EC-461D-98B1-55FE1D6488ED}.Debug|Any CPU.Build.0 = Debug|Any CPU
		{40CA5809-24EC-461D-98B1-55FE1D6488ED}.Release|Any CPU.ActiveCfg = Release|Any CPU
		{40CA5809-24EC-461D-98B1-55FE1D6488ED}.Release|Any CPU.Build.0 = Release|Any CPU
		{26F527D1-F018-4652-B995-5BEBFD078789}.Debug|Any CPU.ActiveCfg = Debug|Any CPU
		{26F527D1-F018-4652-B995-5BEBFD078789}.Debug|Any CPU.Build.0 = Debug|Any CPU
		{26F527D1-F018-4652-B995-5BEBFD078789}.Release|Any CPU.ActiveCfg = Release|Any CPU
		{26F527D1-F018-4652-B995-5BEBFD078789}.Release|Any CPU.Build.0 = Release|Any CPU
		{50E703A0-29D6-426C-A890-7852FA51FF54}.Debug|Any CPU.ActiveCfg = Debug|Any CPU
		{50E703A0-29D6-426C-A890-7852FA51FF54}.Debug|Any CPU.Build.0 = Debug|Any CPU
		{50E703A0-29D6-426C-A890-7852FA51FF54}.Release|Any CPU.ActiveCfg = Release|Any CPU
		{50E703A0-29D6-426C-A890-7852FA51FF54}.Release|Any CPU.Build.0 = Release|Any CPU
	EndGlobalSection
	GlobalSection(SolutionProperties) = preSolution
		HideSolutionNode = FALSE
	EndGlobalSection
	GlobalSection(ExtensibilityGlobals) = postSolution
		SolutionGuid = {BF2AF061-D4D2-498F-9216-4A8A5D6B74F7}
	EndGlobalSection
EndGlobal
